
Microsoft Visual Studio Solution File, Format Version 12.00
# Visual Studio Version 16
VisualStudioVersion = 16.0.32126.315
MinimumVisualStudioVersion = 10.0.40219.1
Project("{2150E333-8FDC-42A3-9474-1A3956D46DE8}") = "src", "src", "{BF4AD7CF-2464-40F5-8275-5A887F80A72C}"
EndProject
Project("{9A19103F-16F7-4668-BE54-9A1E7A4F7556}") = "AspNetCore.Reporting.MVC", "src\AspNetCore.Reporting.MVC\AspNetCore.Reporting.MVC.csproj", "{7980B7E4-B690-4C15-A112-8FE62C5DD953}"
EndProject
Project("{9A19103F-16F7-4668-BE54-9A1E7A4F7556}") = "AspNetCore.Reporting.Common", "src\AspNetCore.Reporting.Common\AspNetCore.Reporting.Common.csproj", "{6C7B96D8-6470-44E8-91C7-1A3BFE2643B8}"
EndProject
Global
	GlobalSection(SolutionConfigurationPlatforms) = preSolution
		Debug|Any CPU = Debug|Any CPU
		Debug|x64 = Debug|x64
		Debug|x86 = Debug|x86
		Release|Any CPU = Release|Any CPU
		Release|x64 = Release|x64
		Release|x86 = Release|x86
	EndGlobalSection
	GlobalSection(ProjectConfigurationPlatforms) = postSolution
		{7980B7E4-B690-4C15-A112-8FE62C5DD953}.Debug|Any CPU.ActiveCfg = Debug|Any CPU
		{7980B7E4-B690-4C15-A112-8FE62C5DD953}.Debug|Any CPU.Build.0 = Debug|Any CPU
		{7980B7E4-B690-4C15-A112-8FE62C5DD953}.Debug|x64.ActiveCfg = Debug|Any CPU
		{7980B7E4-B690-4C15-A112-8FE62C5DD953}.Debug|x64.Build.0 = Debug|Any CPU
		{7980B7E4-B690-4C15-A112-8FE62C5DD953}.Debug|x86.ActiveCfg = Debug|Any CPU
		{7980B7E4-B690-4C15-A112-8FE62C5DD953}.Debug|x86.Build.0 = Debug|Any CPU
		{7980B7E4-B690-4C15-A112-8FE62C5DD953}.Release|Any CPU.ActiveCfg = Release|Any CPU
		{7980B7E4-B690-4C15-A112-8FE62C5DD953}.Release|Any CPU.Build.0 = Release|Any CPU
		{7980B7E4-B690-4C15-A112-8FE62C5DD953}.Release|x64.ActiveCfg = Release|Any CPU
		{7980B7E4-B690-4C15-A112-8FE62C5DD953}.Release|x64.Build.0 = Release|Any CPU
		{7980B7E4-B690-4C15-A112-8FE62C5DD953}.Release|x86.ActiveCfg = Release|Any CPU
		{7980B7E4-B690-4C15-A112-8FE62C5DD953}.Release|x86.Build.0 = Release|Any CPU
		{6C7B96D8-6470-44E8-91C7-1A3BFE2643B8}.Debug|Any CPU.ActiveCfg = Debug|Any CPU
		{6C7B96D8-6470-44E8-91C7-1A3BFE2643B8}.Debug|Any CPU.Build.0 = Debug|Any CPU
		{6C7B96D8-6470-44E8-91C7-1A3BFE2643B8}.Debug|x64.ActiveCfg = Debug|Any CPU
		{6C7B96D8-6470-44E8-91C7-1A3BFE2643B8}.Debug|x64.Build.0 = Debug|Any CPU
		{6C7B96D8-6470-44E8-91C7-1A3BFE2643B8}.Debug|x86.ActiveCfg = Debug|Any CPU
		{6C7B96D8-6470-44E8-91C7-1A3BFE2643B8}.Debug|x86.Build.0 = Debug|Any CPU
		{6C7B96D8-6470-44E8-91C7-1A3BFE2643B8}.Release|Any CPU.ActiveCfg = Release|Any CPU
		{6C7B96D8-6470-44E8-91C7-1A3BFE2643B8}.Release|Any CPU.Build.0 = Release|Any CPU
		{6C7B96D8-6470-44E8-91C7-1A3BFE2643B8}.Release|x64.ActiveCfg = Release|Any CPU
		{6C7B96D8-6470-44E8-91C7-1A3BFE2643B8}.Release|x64.Build.0 = Release|Any CPU
		{6C7B96D8-6470-44E8-91C7-1A3BFE2643B8}.Release|x86.ActiveCfg = Release|Any CPU
		{6C7B96D8-6470-44E8-91C7-1A3BFE2643B8}.Release|x86.Build.0 = Release|Any CPU
	EndGlobalSection
	GlobalSection(SolutionProperties) = preSolution
		HideSolutionNode = FALSE
	EndGlobalSection
	GlobalSection(NestedProjects) = preSolution
		{7980B7E4-B690-4C15-A112-8FE62C5DD953} = {BF4AD7CF-2464-40F5-8275-5A887F80A72C}
		{6C7B96D8-6470-44E8-91C7-1A3BFE2643B8} = {BF4AD7CF-2464-40F5-8275-5A887F80A72C}
	EndGlobalSection
	GlobalSection(ExtensibilityGlobals) = postSolution
		SolutionGuid = {75885DA9-0C77-40BD-9EE2-76D9E1E0FE92}
	EndGlobalSection
EndGlobal
